
Microsoft Visual Studio Solution File, Format Version 12.00
# Visual Studio Version 17
VisualStudioVersion = 17.3.32819.101
MinimumVisualStudioVersion = 10.0.40219.1
Project("{FAE04EC0-301F-11D3-BF4B-00C04F79EFBC}") = "Cashregister.Classes", "Cashregister.Classes\Cashregister.Classes.csproj", "{986F4E13-FEFD-41BA-B2EE-8FE9F6446F37}"
EndProject
Project("{FAE04EC0-301F-11D3-BF4B-00C04F79EFBC}") = "Cashregister.Test.Unit", "..\Cashregister.Test.Unit\Cashregister.Test.Unit.csproj", "{3812139B-5A48-4C64-9087-03A6EF1BA1C3}"
EndProject
Global
	GlobalSection(SolutionConfigurationPlatforms) = preSolution
		Debug|Any CPU = Debug|Any CPU
		Release|Any CPU = Release|Any CPU
	EndGlobalSection
	GlobalSection(ProjectConfigurationPlatforms) = postSolution
		{986F4E13-FEFD-41BA-B2EE-8FE9F6446F37}.Debug|Any CPU.ActiveCfg = Debug|Any CPU
		{986F4E13-FEFD-41BA-B2EE-8FE9F6446F37}.Debug|Any CPU.Build.0 = Debug|Any CPU
		{986F4E13-FEFD-41BA-B2EE-8FE9F6446F37}.Release|Any CPU.ActiveCfg = Release|Any CPU
		{986F4E13-FEFD-41BA-B2EE-8FE9F6446F37}.Release|Any CPU.Build.0 = Release|Any CPU
		{3812139B-5A48-4C64-9087-03A6EF1BA1C3}.Debug|Any CPU.ActiveCfg = Debug|Any CPU
		{3812139B-5A48-4C64-9087-03A6EF1BA1C3}.Debug|Any CPU.Build.0 = Debug|Any CPU
		{3812139B-5A48-4C64-9087-03A6EF1BA1C3}.Release|Any CPU.ActiveCfg = Release|Any CPU
		{3812139B-5A48-4C64-9087-03A6EF1BA1C3}.Release|Any CPU.Build.0 = Release|Any CPU
	EndGlobalSection
	GlobalSection(SolutionProperties) = preSolution
		HideSolutionNode = FALSE
	EndGlobalSection
	GlobalSection(ExtensibilityGlobals) = postSolution
		SolutionGuid = {C40FBB9B-5072-41BF-9E7E-76B564E77A87}
	EndGlobalSection
EndGlobal
