
Microsoft Visual Studio Solution File, Format Version 12.00
# Visual Studio Version 17
VisualStudioVersion = 17.3.32819.101
MinimumVisualStudioVersion = 10.0.40219.1
Project("{FAE04EC0-301F-11D3-BF4B-00C04F79EFBC}") = "Calculator.Test.Unit", "..\Calculator.Test.Unit\Calculator.Test.Unit.csproj", "{02344C8C-8836-4BE1-B306-80B84137D186}"
EndProject
Global
	GlobalSection(SolutionConfigurationPlatforms) = preSolution
		Debug|Any CPU = Debug|Any CPU
		Release|Any CPU = Release|Any CPU
	EndGlobalSection
	GlobalSection(ProjectConfigurationPlatforms) = postSolution
		{02344C8C-8836-4BE1-B306-80B84137D186}.Debug|Any CPU.ActiveCfg = Debug|Any CPU
		{02344C8C-8836-4BE1-B306-80B84137D186}.Debug|Any CPU.Build.0 = Debug|Any CPU
		{02344C8C-8836-4BE1-B306-80B84137D186}.Release|Any CPU.ActiveCfg = Release|Any CPU
		{02344C8C-8836-4BE1-B306-80B84137D186}.Release|Any CPU.Build.0 = Release|Any CPU
	EndGlobalSection
	GlobalSection(SolutionProperties) = preSolution
		HideSolutionNode = FALSE
	EndGlobalSection
	GlobalSection(ExtensibilityGlobals) = postSolution
		SolutionGuid = {3A797B48-2D26-454B-8F54-0E316556F157}
	EndGlobalSection
EndGlobal
